
Microsoft Visual Studio Solution File, Format Version 12.00
Project("{FAE04EC0-301F-11D3-BF4B-00C04F79EFBC}") = "Trace", "Trace\Trace.csproj", "{4FAFDE82-1A08-454C-A9C4-A021470572F2}"
EndProject
Project("{FAE04EC0-301F-11D3-BF4B-00C04F79EFBC}") = "TraceGui", "TraceGui\TraceGui.csproj", "{DFDD66F1-AC6E-4663-826B-79CD77A8F0F7}"
EndProject
Global
	GlobalSection(SolutionConfigurationPlatforms) = preSolution
		Debug|Any CPU = Debug|Any CPU
		Release|Any CPU = Release|Any CPU
	EndGlobalSection
	GlobalSection(ProjectConfigurationPlatforms) = postSolution
		{4FAFDE82-1A08-454C-A9C4-A021470572F2}.Debug|Any CPU.ActiveCfg = Debug|Any CPU
		{4FAFDE82-1A08-454C-A9C4-A021470572F2}.Debug|Any CPU.Build.0 = Debug|Any CPU
		{4FAFDE82-1A08-454C-A9C4-A021470572F2}.Release|Any CPU.ActiveCfg = Release|Any CPU
		{4FAFDE82-1A08-454C-A9C4-A021470572F2}.Release|Any CPU.Build.0 = Release|Any CPU
		{DFDD66F1-AC6E-4663-826B-79CD77A8F0F7}.Debug|Any CPU.ActiveCfg = Debug|Any CPU
		{DFDD66F1-AC6E-4663-826B-79CD77A8F0F7}.Debug|Any CPU.Build.0 = Debug|Any CPU
		{DFDD66F1-AC6E-4663-826B-79CD77A8F0F7}.Release|Any CPU.ActiveCfg = Release|Any CPU
		{DFDD66F1-AC6E-4663-826B-79CD77A8F0F7}.Release|Any CPU.Build.0 = Release|Any CPU
	EndGlobalSection
EndGlobal
