
Microsoft Visual Studio Solution File, Format Version 12.00
Project("{FAE04EC0-301F-11D3-BF4B-00C04F79EFBC}") = "TraceCli", "src\TraceCli\TraceCli.csproj", "{4FAFDE82-1A08-454C-A9C4-A021470572F2}"
EndProject
Project("{FAE04EC0-301F-11D3-BF4B-00C04F79EFBC}") = "TraceGui.Base", "src\TraceGui.Base\TraceGui.Base.csproj", "{DFDD66F1-AC6E-4663-826B-79CD77A8F0F7}"
EndProject
Project("{2150E333-8FDC-42A3-9474-1A3956D46DE8}") = "src", "src", "{F5C0FFC6-7E43-44BE-9E6E-DCD863A94567}"
EndProject
Project("{FAE04EC0-301F-11D3-BF4B-00C04F79EFBC}") = "TraceGui.Desktop", "src\TraceGui.Desktop\TraceGui.Desktop.csproj", "{8D8D05E3-AD27-4294-9669-5E50C5D499C1}"
EndProject
Project("{FAE04EC0-301F-11D3-BF4B-00C04F79EFBC}") = "TraceGui.Web", "src\TraceGui.Web\TraceGui.Web.csproj", "{4DD734AD-8898-41C7-A279-67C98AF2F386}"
EndProject
Global
	GlobalSection(SolutionConfigurationPlatforms) = preSolution
		Debug|Any CPU = Debug|Any CPU
		Release|Any CPU = Release|Any CPU
	EndGlobalSection
	GlobalSection(ProjectConfigurationPlatforms) = postSolution
		{4FAFDE82-1A08-454C-A9C4-A021470572F2}.Debug|Any CPU.ActiveCfg = Debug|Any CPU
		{4FAFDE82-1A08-454C-A9C4-A021470572F2}.Debug|Any CPU.Build.0 = Debug|Any CPU
		{4FAFDE82-1A08-454C-A9C4-A021470572F2}.Release|Any CPU.ActiveCfg = Release|Any CPU
		{4FAFDE82-1A08-454C-A9C4-A021470572F2}.Release|Any CPU.Build.0 = Release|Any CPU
		{DFDD66F1-AC6E-4663-826B-79CD77A8F0F7}.Debug|Any CPU.ActiveCfg = Debug|Any CPU
		{DFDD66F1-AC6E-4663-826B-79CD77A8F0F7}.Debug|Any CPU.Build.0 = Debug|Any CPU
		{DFDD66F1-AC6E-4663-826B-79CD77A8F0F7}.Release|Any CPU.ActiveCfg = Release|Any CPU
		{DFDD66F1-AC6E-4663-826B-79CD77A8F0F7}.Release|Any CPU.Build.0 = Release|Any CPU
		{8D8D05E3-AD27-4294-9669-5E50C5D499C1}.Debug|Any CPU.ActiveCfg = Debug|Any CPU
		{8D8D05E3-AD27-4294-9669-5E50C5D499C1}.Debug|Any CPU.Build.0 = Debug|Any CPU
		{8D8D05E3-AD27-4294-9669-5E50C5D499C1}.Release|Any CPU.ActiveCfg = Release|Any CPU
		{8D8D05E3-AD27-4294-9669-5E50C5D499C1}.Release|Any CPU.Build.0 = Release|Any CPU
		{4DD734AD-8898-41C7-A279-67C98AF2F386}.Debug|Any CPU.ActiveCfg = Debug|Any CPU
		{4DD734AD-8898-41C7-A279-67C98AF2F386}.Debug|Any CPU.Build.0 = Debug|Any CPU
		{4DD734AD-8898-41C7-A279-67C98AF2F386}.Release|Any CPU.ActiveCfg = Release|Any CPU
		{4DD734AD-8898-41C7-A279-67C98AF2F386}.Release|Any CPU.Build.0 = Release|Any CPU
	EndGlobalSection
	GlobalSection(NestedProjects) = preSolution
		{4FAFDE82-1A08-454C-A9C4-A021470572F2} = {F5C0FFC6-7E43-44BE-9E6E-DCD863A94567}
		{DFDD66F1-AC6E-4663-826B-79CD77A8F0F7} = {F5C0FFC6-7E43-44BE-9E6E-DCD863A94567}
		{8D8D05E3-AD27-4294-9669-5E50C5D499C1} = {F5C0FFC6-7E43-44BE-9E6E-DCD863A94567}
		{4DD734AD-8898-41C7-A279-67C98AF2F386} = {F5C0FFC6-7E43-44BE-9E6E-DCD863A94567}
	EndGlobalSection
EndGlobal
